
Microsoft Visual Studio Solution File, Format Version 12.00
Project("{FAE04EC0-301F-11D3-BF4B-00C04F79EFBC}") = "Sidio.Mediator", "src\Sidio.Mediator\Sidio.Mediator.csproj", "{804B6971-C106-42E2-95D9-F5207FCA19E1}"
EndProject
Project("{2150E333-8FDC-42A3-9474-1A3956D46DE8}") = "SolutionItems", "SolutionItems", "{6E2AE9B1-DAE6-4342-A4DA-D3E14605BAFD}"
	ProjectSection(SolutionItems) = preProject
		.gitignore = .gitignore
		LICENSE = LICENSE
		README.md = README.md
	EndProjectSection
EndProject
Project("{2150E333-8FDC-42A3-9474-1A3956D46DE8}") = "Src", "Src", "{022FBE39-9BB7-44A4-B581-F3442761036D}"
EndProject
Project("{2150E333-8FDC-42A3-9474-1A3956D46DE8}") = "Tests", "Tests", "{0ABAFD30-B844-4B84-B425-5140B858133C}"
EndProject
Global
	GlobalSection(SolutionConfigurationPlatforms) = preSolution
		Debug|Any CPU = Debug|Any CPU
		Release|Any CPU = Release|Any CPU
	EndGlobalSection
	GlobalSection(ProjectConfigurationPlatforms) = postSolution
		{804B6971-C106-42E2-95D9-F5207FCA19E1}.Debug|Any CPU.ActiveCfg = Debug|Any CPU
		{804B6971-C106-42E2-95D9-F5207FCA19E1}.Debug|Any CPU.Build.0 = Debug|Any CPU
		{804B6971-C106-42E2-95D9-F5207FCA19E1}.Release|Any CPU.ActiveCfg = Release|Any CPU
		{804B6971-C106-42E2-95D9-F5207FCA19E1}.Release|Any CPU.Build.0 = Release|Any CPU
	EndGlobalSection
	GlobalSection(NestedProjects) = preSolution
		{804B6971-C106-42E2-95D9-F5207FCA19E1} = {022FBE39-9BB7-44A4-B581-F3442761036D}
	EndGlobalSection
EndGlobal
